
Microsoft Visual Studio Solution File, Format Version 12.00
# Visual Studio 14
VisualStudioVersion = 14.0.23107.0
MinimumVisualStudioVersion = 10.0.40219.1
Project("{FAE04EC0-301F-11D3-BF4B-00C04F79EFBC}") = "myTreeViewMVVM", "myTreeViewMVVM\myTreeViewMVVM.csproj", "{D544A364-EE41-48E8-9604-2CB19E7B45EC}"
EndProject
Project("{FAE04EC0-301F-11D3-BF4B-00C04F79EFBC}") = "BusinessLib", "BusinessLib\BusinessLib.csproj", "{07678034-A21D-4400-BDCC-110C36700123}"
EndProject
Global
	GlobalSection(SolutionConfigurationPlatforms) = preSolution
		Debug|Any CPU = Debug|Any CPU
		Release|Any CPU = Release|Any CPU
	EndGlobalSection
	GlobalSection(ProjectConfigurationPlatforms) = postSolution
		{D544A364-EE41-48E8-9604-2CB19E7B45EC}.Debug|Any CPU.ActiveCfg = Debug|Any CPU
		{D544A364-EE41-48E8-9604-2CB19E7B45EC}.Debug|Any CPU.Build.0 = Debug|Any CPU
		{D544A364-EE41-48E8-9604-2CB19E7B45EC}.Release|Any CPU.ActiveCfg = Release|Any CPU
		{D544A364-EE41-48E8-9604-2CB19E7B45EC}.Release|Any CPU.Build.0 = Release|Any CPU
		{07678034-A21D-4400-BDCC-110C36700123}.Debug|Any CPU.ActiveCfg = Debug|Any CPU
		{07678034-A21D-4400-BDCC-110C36700123}.Debug|Any CPU.Build.0 = Debug|Any CPU
		{07678034-A21D-4400-BDCC-110C36700123}.Release|Any CPU.ActiveCfg = Release|Any CPU
		{07678034-A21D-4400-BDCC-110C36700123}.Release|Any CPU.Build.0 = Release|Any CPU
	EndGlobalSection
	GlobalSection(SolutionProperties) = preSolution
		HideSolutionNode = FALSE
	EndGlobalSection
EndGlobal
