
Microsoft Visual Studio Solution File, Format Version 12.00
# Visual Studio 14
VisualStudioVersion = 14.0.24720.0
MinimumVisualStudioVersion = 10.0.40219.1
Project("{FAE04EC0-301F-11D3-BF4B-00C04F79EFBC}") = "DataAccessLayer", "DataAccessLayer\DataAccessLayer.csproj", "{B4EA89A2-F57D-4701-8DBD-9A172892C125}"
EndProject
Project("{FAE04EC0-301F-11D3-BF4B-00C04F79EFBC}") = "DomainModel", "DomainModel\DomainModel.csproj", "{4573FB28-FC69-4C8F-B2FE-9078ED75EE70}"
EndProject
Global
	GlobalSection(SolutionConfigurationPlatforms) = preSolution
		Debug|Any CPU = Debug|Any CPU
		Release|Any CPU = Release|Any CPU
	EndGlobalSection
	GlobalSection(ProjectConfigurationPlatforms) = postSolution
		{B4EA89A2-F57D-4701-8DBD-9A172892C125}.Debug|Any CPU.ActiveCfg = Debug|Any CPU
		{B4EA89A2-F57D-4701-8DBD-9A172892C125}.Debug|Any CPU.Build.0 = Debug|Any CPU
		{B4EA89A2-F57D-4701-8DBD-9A172892C125}.Release|Any CPU.ActiveCfg = Release|Any CPU
		{B4EA89A2-F57D-4701-8DBD-9A172892C125}.Release|Any CPU.Build.0 = Release|Any CPU
		{4573FB28-FC69-4C8F-B2FE-9078ED75EE70}.Debug|Any CPU.ActiveCfg = Debug|Any CPU
		{4573FB28-FC69-4C8F-B2FE-9078ED75EE70}.Debug|Any CPU.Build.0 = Debug|Any CPU
		{4573FB28-FC69-4C8F-B2FE-9078ED75EE70}.Release|Any CPU.ActiveCfg = Release|Any CPU
		{4573FB28-FC69-4C8F-B2FE-9078ED75EE70}.Release|Any CPU.Build.0 = Release|Any CPU
	EndGlobalSection
	GlobalSection(SolutionProperties) = preSolution
		HideSolutionNode = FALSE
	EndGlobalSection
EndGlobal
