
Microsoft Visual Studio Solution File, Format Version 12.00
# Visual Studio 14
VisualStudioVersion = 14.0.24720.0
MinimumVisualStudioVersion = 10.0.40219.1
Project("{FAE04EC0-301F-11D3-BF4B-00C04F79EFBC}") = "Decorator", "Decorator\Decorator.csproj", "{78BFAC86-ADE5-42E5-B527-A3E95D3F4DCB}"
EndProject
Project("{FAE04EC0-301F-11D3-BF4B-00C04F79EFBC}") = "IceCreamDecorator", "IceCreamDecorator\IceCreamDecorator.csproj", "{D45E5249-AF6A-4244-888F-7033CF249635}"
EndProject
Global
	GlobalSection(SolutionConfigurationPlatforms) = preSolution
		Debug|Any CPU = Debug|Any CPU
		Release|Any CPU = Release|Any CPU
	EndGlobalSection
	GlobalSection(ProjectConfigurationPlatforms) = postSolution
		{78BFAC86-ADE5-42E5-B527-A3E95D3F4DCB}.Debug|Any CPU.ActiveCfg = Debug|Any CPU
		{78BFAC86-ADE5-42E5-B527-A3E95D3F4DCB}.Debug|Any CPU.Build.0 = Debug|Any CPU
		{78BFAC86-ADE5-42E5-B527-A3E95D3F4DCB}.Release|Any CPU.ActiveCfg = Release|Any CPU
		{78BFAC86-ADE5-42E5-B527-A3E95D3F4DCB}.Release|Any CPU.Build.0 = Release|Any CPU
		{D45E5249-AF6A-4244-888F-7033CF249635}.Debug|Any CPU.ActiveCfg = Debug|Any CPU
		{D45E5249-AF6A-4244-888F-7033CF249635}.Debug|Any CPU.Build.0 = Debug|Any CPU
		{D45E5249-AF6A-4244-888F-7033CF249635}.Release|Any CPU.ActiveCfg = Release|Any CPU
		{D45E5249-AF6A-4244-888F-7033CF249635}.Release|Any CPU.Build.0 = Release|Any CPU
	EndGlobalSection
	GlobalSection(SolutionProperties) = preSolution
		HideSolutionNode = FALSE
	EndGlobalSection
EndGlobal
